Microsoft Visual Studio Solution File, Format Version 12.00
# Visual Studio Version 17
VisualStudioVersion = 17.5.2.0
MinimumVisualStudioVersion = 10.0.40219.1
Project("{FAE04EC0-301F-11D3-BF4B-00C04F79EFBC}") = "LojaManoel.API", "LojaManoel.API\LojaManoel.API.csproj", "{4F60E378-7BDF-5BC3-BF22-B65C8BF01F13}"
EndProject
Global
	GlobalSection(SolutionConfigurationPlatforms) = preSolution
		Debug|Any CPU = Debug|Any CPU
		Release|Any CPU = Release|Any CPU
	EndGlobalSection
	GlobalSection(ProjectConfigurationPlatforms) = postSolution
		{4F60E378-7BDF-5BC3-BF22-B65C8BF01F13}.Debug|Any CPU.ActiveCfg = Debug|Any CPU
		{4F60E378-7BDF-5BC3-BF22-B65C8BF01F13}.Debug|Any CPU.Build.0 = Debug|Any CPU
		{4F60E378-7BDF-5BC3-BF22-B65C8BF01F13}.Release|Any CPU.ActiveCfg = Release|Any CPU
		{4F60E378-7BDF-5BC3-BF22-B65C8BF01F13}.Release|Any CPU.Build.0 = Release|Any CPU
	EndGlobalSection
	GlobalSection(SolutionProperties) = preSolution
		HideSolutionNode = FALSE
	EndGlobalSection
	GlobalSection(ExtensibilityGlobals) = postSolution
		SolutionGuid = {1D624057-A512-49BD-AFD4-49F1218197E6}
	EndGlobalSection
EndGlobal
